
Microsoft Visual Studio Solution File, Format Version 12.00
# Visual Studio 15
VisualStudioVersion = 15.0.26730.16
MinimumVisualStudioVersion = 10.0.40219.1
Project("{8BC9CEB8-8B4A-11D0-8D11-00A0C91BC942}") = "math", "math\math.vcxproj", "{7E5D2BBB-5240-415F-8A1E-E72E81EF54DD}"
EndProject
Global
	GlobalSection(SolutionConfigurationPlatforms) = preSolution
		Debug|x64 = Debug|x64
		Debug|x86 = Debug|x86
		Release|x64 = Release|x64
		Release|x86 = Release|x86
	EndGlobalSection
	GlobalSection(ProjectConfigurationPlatforms) = postSolution
		{7E5D2BBB-5240-415F-8A1E-E72E81EF54DD}.Debug|x64.ActiveCfg = Debug|x64
		{7E5D2BBB-5240-415F-8A1E-E72E81EF54DD}.Debug|x64.Build.0 = Debug|x64
		{7E5D2BBB-5240-415F-8A1E-E72E81EF54DD}.Debug|x86.ActiveCfg = Debug|Win32
		{7E5D2BBB-5240-415F-8A1E-E72E81EF54DD}.Debug|x86.Build.0 = Debug|Win32
		{7E5D2BBB-5240-415F-8A1E-E72E81EF54DD}.Release|x64.ActiveCfg = Release|x64
		{7E5D2BBB-5240-415F-8A1E-E72E81EF54DD}.Release|x64.Build.0 = Release|x64
		{7E5D2BBB-5240-415F-8A1E-E72E81EF54DD}.Release|x86.ActiveCfg = Release|Win32
		{7E5D2BBB-5240-415F-8A1E-E72E81EF54DD}.Release|x86.Build.0 = Release|Win32
	EndGlobalSection
	GlobalSection(SolutionProperties) = preSolution
		HideSolutionNode = FALSE
	EndGlobalSection
	GlobalSection(ExtensibilityGlobals) = postSolution
		SolutionGuid = {95E0579A-0C64-4A18-B3CD-31D9D5BFB82A}
	EndGlobalSection
EndGlobal
